// !$*UTF8*$!
{
	archiveVersion = 1;
	classes = {
	};
	objectVersion = 77;
	objects = {

/* Begin PBXBuildFile section */
		020691D514B2724CE5B4EA3C /* SousKit in Frameworks */ = {isa = PBXBuildFile; productRef = 57B9B12ADC1A695E43272EB5 /* SousKit */; };
		027DB14287C4B8F7C448B5C6 /* CookAddSheet.swift in Sources */ = {isa = PBXBuildFile; fileRef = 20F0A6C37CA7630B939B38AB /* CookAddSheet.swift */; };
		02B9D85978357A0B6E4A8D91 /* RecipePickerView.swift in Sources */ = {isa = PBXBuildFile; fileRef = 643CB10A242BDB3ED0E0125A /* RecipePickerView.swift */; };
		0305C54B39EABEACD87706E5 /* CategoryManagerView.swift in Sources */ = {isa = PBXBuildFile; fileRef = C5FCA0AB252031EC1359F91A /* CategoryManagerView.swift */; };
		03A11925BC7E5D8F8DF58EC2 /* RecipeListView.swift in Sources */ = {isa = PBXBuildFile; fileRef = C97D3EDC685F9A1C82D0688B /* RecipeListView.swift */; };
		0B3815353034A9790056FA4F /* sous.icon in Resources */ = {isa = PBXBuildFile; fileRef = 0B3815343034A9790056FA4F /* sous.icon */; };
		0B3815373034ABBF0056FA4F /* ChipTextField 2.swift in Sources */ = {isa = PBXBuildFile; fileRef = 0B3815363034ABBF0056FA4F /* ChipTextField 2.swift */; };
		1E2217794E3F6F932FE32539 /* SousShare.appex in Embed Foundation Extensions */ = {isa = PBXBuildFile; fileRef = 1E6F8015698D15D392FF7A3F /* SousShare.appex */; platformFilter = ios; settings = {ATTRIBUTES = (RemoveHeadersOnCopy, ); }; };
		21102CFF51F26CED67D7FDC6 /* CookSession.swift in Sources */ = {isa = PBXBuildFile; fileRef = 4B6026111A4BDC9288A3121F /* CookSession.swift */; };
		2C3ECA59D675AEAFFCB6010B /* ShareViewController.swift in Sources */ = {isa = PBXBuildFile; fileRef = F4AA4247E59D40AD08FC2E95 /* ShareViewController.swift */; };
		30F10695B40D3C51CC2EF538 /* SettingsView.swift in Sources */ = {isa = PBXBuildFile; fileRef = 7209502695EB1AED927F3B9B /* SettingsView.swift */; };
		32869974DB3B7157938EF911 /* ShoppingListView.swift in Sources */ = {isa = PBXBuildFile; fileRef = CAEFB6DFD6E7D9654258ACDA /* ShoppingListView.swift */; };
		33336B686C80FFD423F9897A /* SousAppearance.swift in Sources */ = {isa = PBXBuildFile; fileRef = 6D4F0DD81CA3E6A2A0E5B849 /* SousAppearance.swift */; };
		3663B8C4161DE41FF6F48724 /* SousAppearance.swift in Sources */ = {isa = PBXBuildFile; fileRef = 6D4F0DD81CA3E6A2A0E5B849 /* SousAppearance.swift */; };
		36FCF10A373EFD7E0EB59A5B /* FlowLayout.swift in Sources */ = {isa = PBXBuildFile; fileRef = 6D629FB2F5517CF39B9396A2 /* FlowLayout.swift */; };
		3A59E789915A6696873AE9FD /* CookTimer.swift in Sources */ = {isa = PBXBuildFile; fileRef = E4581FC4BBB3B481728B7E97 /* CookTimer.swift */; };
		419B4D0856A1C3D7F12E9C66 /* IngredientLineView.swift in Sources */ = {isa = PBXBuildFile; fileRef = 0C70498384AEDCBCE42346CB /* IngredientLineView.swift */; };
		4247A7980AD155610352A4AD /* SousApp.swift in Sources */ = {isa = PBXBuildFile; fileRef = 42B651330E061A44821ADA43 /* SousApp.swift */; };
		4F0EDD9C664E64CBED42E08F /* RecipeSearchField.swift in Sources */ = {isa = PBXBuildFile; fileRef = 81EC8BE16C6318DA2600D33C /* RecipeSearchField.swift */; };
		54E27685ECB3D7C4073717E2 /* CookTimerMetadata.swift in Sources */ = {isa = PBXBuildFile; fileRef = 76274FBE27FD07BF0D35BBEE /* CookTimerMetadata.swift */; };
		551E4D9C6D906F4F58986BDD /* RecipeDetailView.swift in Sources */ = {isa = PBXBuildFile; fileRef = 8BFB54F91BE5212D5AD265C2 /* RecipeDetailView.swift */; };
		58B55AC7746A47C07A591E81 /* SousStyle.swift in Sources */ = {isa = PBXBuildFile; fileRef = D9726B813A724D39D4FE79CB /* SousStyle.swift */; };
		58D8BB1535653B31CCEE0F34 /* CookTimerMetadata.swift in Sources */ = {isa = PBXBuildFile; fileRef = 76274FBE27FD07BF0D35BBEE /* CookTimerMetadata.swift */; };
		59034AA0F531D1FA42A6D33C /* FlowLayout.swift in Sources */ = {isa = PBXBuildFile; fileRef = 6D629FB2F5517CF39B9396A2 /* FlowLayout.swift */; };
		620D5D6CC2309E2FB2D6398C /* RecipeEditorView.swift in Sources */ = {isa = PBXBuildFile; fileRef = 9FCFC4BBE66589EC1C58ECE1 /* RecipeEditorView.swift */; };
		64D2E0FAF7FFFFB1BACFF6BE /* SousKit in Frameworks */ = {isa = PBXBuildFile; productRef = 4F8CD0E43DB8F39F072182B7 /* SousKit */; };
		68B5CCCF0C9037ECAB349D48 /* IngredientCatalogView.swift in Sources */ = {isa = PBXBuildFile; fileRef = 6343A2B8A34CDA5210A8E4FF /* IngredientCatalogView.swift */; };
		7433672562FD5D4226C70229 /* RecipeRow.swift in Sources */ = {isa = PBXBuildFile; fileRef = 027C4D97EB668FD81EEF6515 /* RecipeRow.swift */; };
		7FE551E7D5F216F63382DB37 /* IngredientLineView.swift in Sources */ = {isa = PBXBuildFile; fileRef = 0C70498384AEDCBCE42346CB /* IngredientLineView.swift */; };
		878E08450A4FD9165E9F4569 /* RecipeRow.swift in Sources */ = {isa = PBXBuildFile; fileRef = 027C4D97EB668FD81EEF6515 /* RecipeRow.swift */; };
		8C15C16B4CC9DDD990279C44 /* RecipeImageView.swift in Sources */ = {isa = PBXBuildFile; fileRef = 3A4D64C09129B00714574B3E /* RecipeImageView.swift */; };
		8C832794858BA282AFB0D979 /* IngredientCatalogView.swift in Sources */ = {isa = PBXBuildFile; fileRef = 6343A2B8A34CDA5210A8E4FF /* IngredientCatalogView.swift */; };
		9769D5427681ED964DA8CF56 /* SousWidgets.appex in Embed Foundation Extensions */ = {isa = PBXBuildFile; fileRef = 2FB8435F0A0BC9D7BF7B1F7D /* SousWidgets.appex */; platformFilter = ios; settings = {ATTRIBUTES = (RemoveHeadersOnCopy, ); }; };
		9E085AA7B7BF149444F6FC5A /* RecipeEditorView.swift in Sources */ = {isa = PBXBuildFile; fileRef = 9FCFC4BBE66589EC1C58ECE1 /* RecipeEditorView.swift */; };
		9F25406D385F3C6DECBE3864 /* MealPlanView.swift in Sources */ = {isa = PBXBuildFile; fileRef = 1F7A9B74CF19472A4FA13548 /* MealPlanView.swift */; };
		AAD143278712E842054B39FE /* CookSwitcherBar.swift in Sources */ = {isa = PBXBuildFile; fileRef = 35F9F951503C509BC1D5B55F /* CookSwitcherBar.swift */; };
		B0B397542B858F009CA68298 /* ContinueCookingBanner.swift in Sources */ = {isa = PBXBuildFile; fileRef = D887BABFAA022A8033B9EDBE /* ContinueCookingBanner.swift */; };
		B1AFE064640D52D8CCD724C4 /* PlanRecipeSheet.swift in Sources */ = {isa = PBXBuildFile; fileRef = E155E60C8508D02CC07CDB18 /* PlanRecipeSheet.swift */; };
		B47CCE52CDB6D601ABC2D61E /* Assets.xcassets in Resources */ = {isa = PBXBuildFile; fileRef = E17F156912A3CDF5E6CA988B /* Assets.xcassets */; };
		B915FA3B722DA038A5944452 /* CookSessionEntry.swift in Sources */ = {isa = PBXBuildFile; fileRef = 6FDD6B2FEFA7D31D1D5D2701 /* CookSessionEntry.swift */; };
		BB7EFD38EA70A0036C04AEE2 /* SousStyle.swift in Sources */ = {isa = PBXBuildFile; fileRef = D9726B813A724D39D4FE79CB /* SousStyle.swift */; };
		C08876653DCA69CB644ABD57 /* SousStyle.swift in Sources */ = {isa = PBXBuildFile; fileRef = D9726B813A724D39D4FE79CB /* SousStyle.swift */; };
		C34D8C291432A617C11A5D9A /* RecipeImportView.swift in Sources */ = {isa = PBXBuildFile; fileRef = B30F1C03B1F7A30595D32B1C /* RecipeImportView.swift */; };
		C9037E1C2FF887B28090B806 /* CookModeView.swift in Sources */ = {isa = PBXBuildFile; fileRef = CBAB32A5E9329993EB86EEB1 /* CookModeView.swift */; };
		C984ED23911E8BCB2FF58A17 /* RecipePickerView.swift in Sources */ = {isa = PBXBuildFile; fileRef = 643CB10A242BDB3ED0E0125A /* RecipePickerView.swift */; };
		CFE8BEA3041EE7D885F3F03F /* RecipeImageView.swift in Sources */ = {isa = PBXBuildFile; fileRef = 3A4D64C09129B00714574B3E /* RecipeImageView.swift */; };
		D001C854B40B28607A227366 /* RecipeExportView.swift in Sources */ = {isa = PBXBuildFile; fileRef = 90E750DD65005E77F070E4A9 /* RecipeExportView.swift */; };
		D039F26CAA91B8EAF7A4A66A /* TimerSetupSheet.swift in Sources */ = {isa = PBXBuildFile; fileRef = 8492D060A525EA1068DC4775 /* TimerSetupSheet.swift */; };
		D46D78B4250B2773DF76BEBA /* SousWidgetBundle.swift in Sources */ = {isa = PBXBuildFile; fileRef = 1FCBA7BF4D50B5B5F705BE76 /* SousWidgetBundle.swift */; };
		E7BDB939A6B8E83F497FB16F /* CookTimerCenter.swift in Sources */ = {isa = PBXBuildFile; fileRef = 368E5CB3AC0A9EE1DD75E6E4 /* CookTimerCenter.swift */; };
		F57D8BF30A466E29363D8D6D /* TrashView.swift in Sources */ = {isa = PBXBuildFile; fileRef = BF5F5A49BEF93D3CFF7287EA /* TrashView.swift */; };
		FC9975780EBE413A7F1F048E /* RootView.swift in Sources */ = {isa = PBXBuildFile; fileRef = 17926632D910B9FEE5B9A8A3 /* RootView.swift */; };
/* End PBXBuildFile section */

/* Begin PBXContainerItemProxy section */
		ACF0EF32676269BA7DFA4064 /* PBXContainerItemProxy */ = {
			isa = PBXContainerItemProxy;
			containerPortal = E24DE48081CE5169B96200AC /* Project object */;
			proxyType = 1;
			remoteGlobalIDString = B1F0EB969702316EFEC66CC4;
			remoteInfo = SousWidgets;
		};
		EA3F670F6830272C26FD1B19 /* PBXContainerItemProxy */ = {
			isa = PBXContainerItemProxy;
			containerPortal = E24DE48081CE5169B96200AC /* Project object */;
			proxyType = 1;
			remoteGlobalIDString = 83B28C8691FBBCD10A309992;
			remoteInfo = SousShare;
		};
/* End PBXContainerItemProxy section */

/* Begin PBXCopyFilesBuildPhase section */
		4E94B50EB9EA745EB66A33A7 /* Embed Foundation Extensions */ = {
			isa = PBXCopyFilesBuildPhase;
			buildActionMask = 2147483647;
			dstPath = "";
			dstSubfolderSpec = 13;
			files = (
				1E2217794E3F6F932FE32539 /* SousShare.appex in Embed Foundation Extensions */,
				9769D5427681ED964DA8CF56 /* SousWidgets.appex in Embed Foundation Extensions */,
			);
			name = "Embed Foundation Extensions";
			runOnlyForDeploymentPostprocessing = 0;
		};
/* End PBXCopyFilesBuildPhase section */

/* Begin PBXFileReference section */
		027C4D97EB668FD81EEF6515 /* RecipeRow.swift */ = {isa = PBXFileReference; lastKnownFileType = sourcecode.swift; path = RecipeRow.swift; sourceTree = "<group>"; };
		0B3815343034A9790056FA4F /* sous.icon */ = {isa = PBXFileReference; lastKnownFileType = folder.iconcomposer.icon; path = sous.icon; sourceTree = "<group>"; };
		0B3815363034ABBF0056FA4F /* ChipTextField 2.swift */ = {isa = PBXFileReference; lastKnownFileType = sourcecode.swift; path = "ChipTextField 2.swift"; sourceTree = "<group>"; };
		0C70498384AEDCBCE42346CB /* IngredientLineView.swift */ = {isa = PBXFileReference; lastKnownFileType = sourcecode.swift; path = IngredientLineView.swift; sourceTree = "<group>"; };
		17926632D910B9FEE5B9A8A3 /* RootView.swift */ = {isa = PBXFileReference; lastKnownFileType = sourcecode.swift; path = RootView.swift; sourceTree = "<group>"; };
		1E6F8015698D15D392FF7A3F /* SousShare.appex */ = {isa = PBXFileReference; includeInIndex = 0; lastKnownFileType = "wrapper.app-extension"; path = SousShare.appex; sourceTree = BUILT_PRODUCTS_DIR; };
		1F7A9B74CF19472A4FA13548 /* MealPlanView.swift */ = {isa = PBXFileReference; lastKnownFileType = sourcecode.swift; path = MealPlanView.swift; sourceTree = "<group>"; };
		1FCBA7BF4D50B5B5F705BE76 /* SousWidgetBundle.swift */ = {isa = PBXFileReference; lastKnownFileType = sourcecode.swift; path = SousWidgetBundle.swift; sourceTree = "<group>"; };
		20F0A6C37CA7630B939B38AB /* CookAddSheet.swift */ = {isa = PBXFileReference; lastKnownFileType = sourcecode.swift; path = CookAddSheet.swift; sourceTree = "<group>"; };
		2FB8435F0A0BC9D7BF7B1F7D /* SousWidgets.appex */ = {isa = PBXFileReference; includeInIndex = 0; lastKnownFileType = "wrapper.app-extension"; path = SousWidgets.appex; sourceTree = BUILT_PRODUCTS_DIR; };
		35F9F951503C509BC1D5B55F /* CookSwitcherBar.swift */ = {isa = PBXFileReference; lastKnownFileType = sourcecode.swift; path = CookSwitcherBar.swift; sourceTree = "<group>"; };
		368E5CB3AC0A9EE1DD75E6E4 /* CookTimerCenter.swift */ = {isa = PBXFileReference; lastKnownFileType = sourcecode.swift; path = CookTimerCenter.swift; sourceTree = "<group>"; };
		3A4D64C09129B00714574B3E /* RecipeImageView.swift */ = {isa = PBXFileReference; lastKnownFileType = sourcecode.swift; path = RecipeImageView.swift; sourceTree = "<group>"; };
		42B651330E061A44821ADA43 /* SousApp.swift */ = {isa = PBXFileReference; lastKnownFileType = sourcecode.swift; path = SousApp.swift; sourceTree = "<group>"; };
		44F310A30BB44C83C489A40F /* SousKit */ = {isa = PBXFileReference; lastKnownFileType = folder; path = SousKit; sourceTree = SOURCE_ROOT; };
		4712F12086F7ADC2088261B3 /* Info.plist */ = {isa = PBXFileReference; lastKnownFileType = text.plist; path = Info.plist; sourceTree = "<group>"; };
		4B6026111A4BDC9288A3121F /* CookSession.swift */ = {isa = PBXFileReference; lastKnownFileType = sourcecode.swift; path = CookSession.swift; sourceTree = "<group>"; };
		55F31777C34595DD4F836518 /* SousShare.entitlements */ = {isa = PBXFileReference; lastKnownFileType = text.plist.entitlements; path = SousShare.entitlements; sourceTree = "<group>"; };
		6343A2B8A34CDA5210A8E4FF /* IngredientCatalogView.swift */ = {isa = PBXFileReference; lastKnownFileType = sourcecode.swift; path = IngredientCatalogView.swift; sourceTree = "<group>"; };
		643CB10A242BDB3ED0E0125A /* RecipePickerView.swift */ = {isa = PBXFileReference; lastKnownFileType = sourcecode.swift; path = RecipePickerView.swift; sourceTree = "<group>"; };
		6D4F0DD81CA3E6A2A0E5B849 /* SousAppearance.swift */ = {isa = PBXFileReference; lastKnownFileType = sourcecode.swift; path = SousAppearance.swift; sourceTree = "<group>"; };
		6D629FB2F5517CF39B9396A2 /* FlowLayout.swift */ = {isa = PBXFileReference; lastKnownFileType = sourcecode.swift; path = FlowLayout.swift; sourceTree = "<group>"; };
		6FDD6B2FEFA7D31D1D5D2701 /* CookSessionEntry.swift */ = {isa = PBXFileReference; lastKnownFileType = sourcecode.swift; path = CookSessionEntry.swift; sourceTree = "<group>"; };
		71BCDE64C12AC53F29EAC9E7 /* SousWidgets.entitlements */ = {isa = PBXFileReference; lastKnownFileType = text.plist.entitlements; path = SousWidgets.entitlements; sourceTree = "<group>"; };
		7209502695EB1AED927F3B9B /* SettingsView.swift */ = {isa = PBXFileReference; lastKnownFileType = sourcecode.swift; path = SettingsView.swift; sourceTree = "<group>"; };
		76274FBE27FD07BF0D35BBEE /* CookTimerMetadata.swift */ = {isa = PBXFileReference; lastKnownFileType = sourcecode.swift; path = CookTimerMetadata.swift; sourceTree = "<group>"; };
		7CBF4A5F5006626CFD84006A /* Sous.entitlements */ = {isa = PBXFileReference; lastKnownFileType = text.plist.entitlements; path = Sous.entitlements; sourceTree = "<group>"; };
		81EC8BE16C6318DA2600D33C /* RecipeSearchField.swift */ = {isa = PBXFileReference; lastKnownFileType = sourcecode.swift; path = RecipeSearchField.swift; sourceTree = "<group>"; };
		8492D060A525EA1068DC4775 /* TimerSetupSheet.swift */ = {isa = PBXFileReference; lastKnownFileType = sourcecode.swift; path = TimerSetupSheet.swift; sourceTree = "<group>"; };
		874968D982EF7B9D954ECC27 /* Info.plist */ = {isa = PBXFileReference; lastKnownFileType = text.plist; path = Info.plist; sourceTree = "<group>"; };
		8BFB54F91BE5212D5AD265C2 /* RecipeDetailView.swift */ = {isa = PBXFileReference; lastKnownFileType = sourcecode.swift; path = RecipeDetailView.swift; sourceTree = "<group>"; };
		90E750DD65005E77F070E4A9 /* RecipeExportView.swift */ = {isa = PBXFileReference; lastKnownFileType = sourcecode.swift; path = RecipeExportView.swift; sourceTree = "<group>"; };
		9FCFC4BBE66589EC1C58ECE1 /* RecipeEditorView.swift */ = {isa = PBXFileReference; lastKnownFileType = sourcecode.swift; path = RecipeEditorView.swift; sourceTree = "<group>"; };
		B30F1C03B1F7A30595D32B1C /* RecipeImportView.swift */ = {isa = PBXFileReference; lastKnownFileType = sourcecode.swift; path = RecipeImportView.swift; sourceTree = "<group>"; };
		BF5F5A49BEF93D3CFF7287EA /* TrashView.swift */ = {isa = PBXFileReference; lastKnownFileType = sourcecode.swift; path = TrashView.swift; sourceTree = "<group>"; };
		C5FCA0AB252031EC1359F91A /* CategoryManagerView.swift */ = {isa = PBXFileReference; lastKnownFileType = sourcecode.swift; path = CategoryManagerView.swift; sourceTree = "<group>"; };
		C97D3EDC685F9A1C82D0688B /* RecipeListView.swift */ = {isa = PBXFileReference; lastKnownFileType = sourcecode.swift; path = RecipeListView.swift; sourceTree = "<group>"; };
		CAEFB6DFD6E7D9654258ACDA /* ShoppingListView.swift */ = {isa = PBXFileReference; lastKnownFileType = sourcecode.swift; path = ShoppingListView.swift; sourceTree = "<group>"; };
		CBAB32A5E9329993EB86EEB1 /* CookModeView.swift */ = {isa = PBXFileReference; lastKnownFileType = sourcecode.swift; path = CookModeView.swift; sourceTree = "<group>"; };
		D887BABFAA022A8033B9EDBE /* ContinueCookingBanner.swift */ = {isa = PBXFileReference; lastKnownFileType = sourcecode.swift; path = ContinueCookingBanner.swift; sourceTree = "<group>"; };
		D9726B813A724D39D4FE79CB /* SousStyle.swift */ = {isa = PBXFileReference; lastKnownFileType = sourcecode.swift; path = SousStyle.swift; sourceTree = "<group>"; };
		E02CEE8EA0D9984B1F91AEA1 /* Info.plist */ = {isa = PBXFileReference; lastKnownFileType = text.plist; path = Info.plist; sourceTree = "<group>"; };
		E155E60C8508D02CC07CDB18 /* PlanRecipeSheet.swift */ = {isa = PBXFileReference; lastKnownFileType = sourcecode.swift; path = PlanRecipeSheet.swift; sourceTree = "<group>"; };
		E17F156912A3CDF5E6CA988B /* Assets.xcassets */ = {isa = PBXFileReference; lastKnownFileType = folder.assetcatalog; path = Assets.xcassets; sourceTree = "<group>"; };
		E4581FC4BBB3B481728B7E97 /* CookTimer.swift */ = {isa = PBXFileReference; lastKnownFileType = sourcecode.swift; path = CookTimer.swift; sourceTree = "<group>"; };
		E5283BC9D2FF854805BEEA02 /* Sous.app */ = {isa = PBXFileReference; explicitFileType = wrapper.application; includeInIndex = 0; path = Sous.app; sourceTree = BUILT_PRODUCTS_DIR; };
		F4AA4247E59D40AD08FC2E95 /* ShareViewController.swift */ = {isa = PBXFileReference; lastKnownFileType = sourcecode.swift; path = ShareViewController.swift; sourceTree = "<group>"; };
/* End PBXFileReference section */

/* Begin PBXFrameworksBuildPhase section */
		485F783EBC63537D552EB375 /* Frameworks */ = {
			isa = PBXFrameworksBuildPhase;
			buildActionMask = 2147483647;
			files = (
				020691D514B2724CE5B4EA3C /* SousKit in Frameworks */,
			);
			runOnlyForDeploymentPostprocessing = 0;
		};
		D537504DE824DCCA6B74064D /* Frameworks */ = {
			isa = PBXFrameworksBuildPhase;
			buildActionMask = 2147483647;
			files = (
				64D2E0FAF7FFFFB1BACFF6BE /* SousKit in Frameworks */,
			);
			runOnlyForDeploymentPostprocessing = 0;
		};
/* End PBXFrameworksBuildPhase section */

/* Begin PBXGroup section */
		0B1D145DA0D7595B25BA6B4D /* Views */ = {
			isa = PBXGroup;
			children = (
				C5FCA0AB252031EC1359F91A /* CategoryManagerView.swift */,
				D887BABFAA022A8033B9EDBE /* ContinueCookingBanner.swift */,
				20F0A6C37CA7630B939B38AB /* CookAddSheet.swift */,
				CBAB32A5E9329993EB86EEB1 /* CookModeView.swift */,
				35F9F951503C509BC1D5B55F /* CookSwitcherBar.swift */,
				6D629FB2F5517CF39B9396A2 /* FlowLayout.swift */,
				6343A2B8A34CDA5210A8E4FF /* IngredientCatalogView.swift */,
				0C70498384AEDCBCE42346CB /* IngredientLineView.swift */,
				1F7A9B74CF19472A4FA13548 /* MealPlanView.swift */,
				E155E60C8508D02CC07CDB18 /* PlanRecipeSheet.swift */,
				8BFB54F91BE5212D5AD265C2 /* RecipeDetailView.swift */,
				9FCFC4BBE66589EC1C58ECE1 /* RecipeEditorView.swift */,
				90E750DD65005E77F070E4A9 /* RecipeExportView.swift */,
				3A4D64C09129B00714574B3E /* RecipeImageView.swift */,
				B30F1C03B1F7A30595D32B1C /* RecipeImportView.swift */,
				C97D3EDC685F9A1C82D0688B /* RecipeListView.swift */,
				643CB10A242BDB3ED0E0125A /* RecipePickerView.swift */,
				027C4D97EB668FD81EEF6515 /* RecipeRow.swift */,
				81EC8BE16C6318DA2600D33C /* RecipeSearchField.swift */,
				17926632D910B9FEE5B9A8A3 /* RootView.swift */,
				7209502695EB1AED927F3B9B /* SettingsView.swift */,
				CAEFB6DFD6E7D9654258ACDA /* ShoppingListView.swift */,
				6D4F0DD81CA3E6A2A0E5B849 /* SousAppearance.swift */,
				D9726B813A724D39D4FE79CB /* SousStyle.swift */,
				8492D060A525EA1068DC4775 /* TimerSetupSheet.swift */,
				BF5F5A49BEF93D3CFF7287EA /* TrashView.swift */,
				0B3815363034ABBF0056FA4F /* ChipTextField 2.swift */,
			);
			path = Views;
			sourceTree = "<group>";
		};
		16E4774220314313C4F7B5ED /* Cooking */ = {
			isa = PBXGroup;
			children = (
				4B6026111A4BDC9288A3121F /* CookSession.swift */,
				6FDD6B2FEFA7D31D1D5D2701 /* CookSessionEntry.swift */,
			);
			path = Cooking;
			sourceTree = "<group>";
		};
		385D7563B39635A740AE0A77 /* Sous */ = {
			isa = PBXGroup;
			children = (
				16E4774220314313C4F7B5ED /* Cooking */,
				E8ABAC23FD01EBA09CA4CCE5 /* Supporting */,
				77A3933FE095081587E52DAC /* Timers */,
				0B1D145DA0D7595B25BA6B4D /* Views */,
				E17F156912A3CDF5E6CA988B /* Assets.xcassets */,
				0B3815343034A9790056FA4F /* sous.icon */,
				42B651330E061A44821ADA43 /* SousApp.swift */,
			);
			path = Sous;
			sourceTree = "<group>";
		};
		6A4FC4B5E4E998100961EC91 /* SousWidgets */ = {
			isa = PBXGroup;
			children = (
				4712F12086F7ADC2088261B3 /* Info.plist */,
				1FCBA7BF4D50B5B5F705BE76 /* SousWidgetBundle.swift */,
				71BCDE64C12AC53F29EAC9E7 /* SousWidgets.entitlements */,
			);
			path = SousWidgets;
			sourceTree = "<group>";
		};
		77A3933FE095081587E52DAC /* Timers */ = {
			isa = PBXGroup;
			children = (
				E4581FC4BBB3B481728B7E97 /* CookTimer.swift */,
				368E5CB3AC0A9EE1DD75E6E4 /* CookTimerCenter.swift */,
				76274FBE27FD07BF0D35BBEE /* CookTimerMetadata.swift */,
			);
			path = Timers;
			sourceTree = "<group>";
		};
		7B5BBD4FBDE721817673AC7C /* SousShare */ = {
			isa = PBXGroup;
			children = (
				E02CEE8EA0D9984B1F91AEA1 /* Info.plist */,
				F4AA4247E59D40AD08FC2E95 /* ShareViewController.swift */,
				55F31777C34595DD4F836518 /* SousShare.entitlements */,
			);
			path = SousShare;
			sourceTree = "<group>";
		};
		89C6E23C69E3FDED67EFADAE /* Products */ = {
			isa = PBXGroup;
			children = (
				E5283BC9D2FF854805BEEA02 /* Sous.app */,
				1E6F8015698D15D392FF7A3F /* SousShare.appex */,
				2FB8435F0A0BC9D7BF7B1F7D /* SousWidgets.appex */,
			);
			name = Products;
			sourceTree = "<group>";
		};
		B316E7D034C0C89FFA7827B8 = {
			isa = PBXGroup;
			children = (
				D5AC50DF757A8AA9099FE4A0 /* Packages */,
				385D7563B39635A740AE0A77 /* Sous */,
				7B5BBD4FBDE721817673AC7C /* SousShare */,
				6A4FC4B5E4E998100961EC91 /* SousWidgets */,
				89C6E23C69E3FDED67EFADAE /* Products */,
			);
			sourceTree = "<group>";
		};
		D5AC50DF757A8AA9099FE4A0 /* Packages */ = {
			isa = PBXGroup;
			children = (
				44F310A30BB44C83C489A40F /* SousKit */,
			);
			name = Packages;
			sourceTree = "<group>";
		};
		E8ABAC23FD01EBA09CA4CCE5 /* Supporting */ = {
			isa = PBXGroup;
			children = (
				874968D982EF7B9D954ECC27 /* Info.plist */,
				7CBF4A5F5006626CFD84006A /* Sous.entitlements */,
			);
			path = Supporting;
			sourceTree = "<group>";
		};
/* End PBXGroup section */

/* Begin PBXNativeTarget section */
		431E661229E6C99F6B5E8474 /* Sous */ = {
			isa = PBXNativeTarget;
			buildConfigurationList = 3295B407F937BB99A7AC2861 /* Build configuration list for PBXNativeTarget "Sous" */;
			buildPhases = (
				A593CA870442090A0E262982 /* Sources */,
				9E627FB24BB1D9994DBE2209 /* Resources */,
				D537504DE824DCCA6B74064D /* Frameworks */,
				4E94B50EB9EA745EB66A33A7 /* Embed Foundation Extensions */,
			);
			buildRules = (
			);
			dependencies = (
				7C8E08CC42672446304FB9EF /* PBXTargetDependency */,
				8D4D40B8732A2A56FDC81CA2 /* PBXTargetDependency */,
			);
			name = Sous;
			packageProductDependencies = (
				4F8CD0E43DB8F39F072182B7 /* SousKit */,
			);
			productName = Sous;
			productReference = E5283BC9D2FF854805BEEA02 /* Sous.app */;
			productType = "com.apple.product-type.application";
		};
		83B28C8691FBBCD10A309992 /* SousShare */ = {
			isa = PBXNativeTarget;
			buildConfigurationList = 694CFC9E7816CDA69CF91152 /* Build configuration list for PBXNativeTarget "SousShare" */;
			buildPhases = (
				1DBA99FCA12D585BCF2D42DE /* Sources */,
				485F783EBC63537D552EB375 /* Frameworks */,
			);
			buildRules = (
			);
			dependencies = (
			);
			name = SousShare;
			packageProductDependencies = (
				57B9B12ADC1A695E43272EB5 /* SousKit */,
			);
			productName = SousShare;
			productReference = 1E6F8015698D15D392FF7A3F /* SousShare.appex */;
			productType = "com.apple.product-type.app-extension";
		};
		B1F0EB969702316EFEC66CC4 /* SousWidgets */ = {
			isa = PBXNativeTarget;
			buildConfigurationList = 6E414A6350E8ABFB36634130 /* Build configuration list for PBXNativeTarget "SousWidgets" */;
			buildPhases = (
				9EA3111E15F4BC76E5CFE8DE /* Sources */,
			);
			buildRules = (
			);
			dependencies = (
			);
			name = SousWidgets;
			packageProductDependencies = (
			);
			productName = SousWidgets;
			productReference = 2FB8435F0A0BC9D7BF7B1F7D /* SousWidgets.appex */;
			productType = "com.apple.product-type.app-extension";
		};
/* End PBXNativeTarget section */

/* Begin PBXProject section */
		E24DE48081CE5169B96200AC /* Project object */ = {
			isa = PBXProject;
			attributes = {
				BuildIndependentTargetsInParallel = YES;
				LastUpgradeCheck = 1430;
				TargetAttributes = {
					431E661229E6C99F6B5E8474 = {
						DevelopmentTeam = MDQY93XVHF;
						ProvisioningStyle = Automatic;
					};
					83B28C8691FBBCD10A309992 = {
						DevelopmentTeam = MDQY93XVHF;
						ProvisioningStyle = Automatic;
					};
					B1F0EB969702316EFEC66CC4 = {
						DevelopmentTeam = MDQY93XVHF;
						ProvisioningStyle = Automatic;
					};
				};
			};
			buildConfigurationList = 13081AC38B098A3FE8D91D66 /* Build configuration list for PBXProject "Sous" */;
			developmentRegion = en;
			hasScannedForEncodings = 0;
			knownRegions = (
				Base,
				en,
			);
			mainGroup = B316E7D034C0C89FFA7827B8;
			minimizedProjectReferenceProxies = 1;
			packageReferences = (
				30FA31BD04998B96948C968F /* XCLocalSwiftPackageReference "SousKit" */,
			);
			preferredProjectObjectVersion = 77;
			productRefGroup = 89C6E23C69E3FDED67EFADAE /* Products */;
			projectDirPath = "";
			projectRoot = "";
			targets = (
				431E661229E6C99F6B5E8474 /* Sous */,
				83B28C8691FBBCD10A309992 /* SousShare */,
				B1F0EB969702316EFEC66CC4 /* SousWidgets */,
			);
		};
/* End PBXProject section */

/* Begin PBXResourcesBuildPhase section */
		9E627FB24BB1D9994DBE2209 /* Resources */ = {
			isa = PBXResourcesBuildPhase;
			buildActionMask = 2147483647;
			files = (
				0B3815353034A9790056FA4F /* sous.icon in Resources */,
				B47CCE52CDB6D601ABC2D61E /* Assets.xcassets in Resources */,
			);
			runOnlyForDeploymentPostprocessing = 0;
		};
/* End PBXResourcesBuildPhase section */

/* Begin PBXSourcesBuildPhase section */
		1DBA99FCA12D585BCF2D42DE /* Sources */ = {
			isa = PBXSourcesBuildPhase;
			buildActionMask = 2147483647;
			files = (
				36FCF10A373EFD7E0EB59A5B /* FlowLayout.swift in Sources */,
				68B5CCCF0C9037ECAB349D48 /* IngredientCatalogView.swift in Sources */,
				7FE551E7D5F216F63382DB37 /* IngredientLineView.swift in Sources */,
				9E085AA7B7BF149444F6FC5A /* RecipeEditorView.swift in Sources */,
				CFE8BEA3041EE7D885F3F03F /* RecipeImageView.swift in Sources */,
				02B9D85978357A0B6E4A8D91 /* RecipePickerView.swift in Sources */,
				878E08450A4FD9165E9F4569 /* RecipeRow.swift in Sources */,
				2C3ECA59D675AEAFFCB6010B /* ShareViewController.swift in Sources */,
				33336B686C80FFD423F9897A /* SousAppearance.swift in Sources */,
				BB7EFD38EA70A0036C04AEE2 /* SousStyle.swift in Sources */,
			);
			runOnlyForDeploymentPostprocessing = 0;
		};
		9EA3111E15F4BC76E5CFE8DE /* Sources */ = {
			isa = PBXSourcesBuildPhase;
			buildActionMask = 2147483647;
			files = (
				54E27685ECB3D7C4073717E2 /* CookTimerMetadata.swift in Sources */,
				58B55AC7746A47C07A591E81 /* SousStyle.swift in Sources */,
				D46D78B4250B2773DF76BEBA /* SousWidgetBundle.swift in Sources */,
			);
			runOnlyForDeploymentPostprocessing = 0;
		};
		A593CA870442090A0E262982 /* Sources */ = {
			isa = PBXSourcesBuildPhase;
			buildActionMask = 2147483647;
			files = (
				0305C54B39EABEACD87706E5 /* CategoryManagerView.swift in Sources */,
				B0B397542B858F009CA68298 /* ContinueCookingBanner.swift in Sources */,
				027DB14287C4B8F7C448B5C6 /* CookAddSheet.swift in Sources */,
				0B3815373034ABBF0056FA4F /* ChipTextField 2.swift in Sources */,
				C9037E1C2FF887B28090B806 /* CookModeView.swift in Sources */,
				21102CFF51F26CED67D7FDC6 /* CookSession.swift in Sources */,
				B915FA3B722DA038A5944452 /* CookSessionEntry.swift in Sources */,
				AAD143278712E842054B39FE /* CookSwitcherBar.swift in Sources */,
				3A59E789915A6696873AE9FD /* CookTimer.swift in Sources */,
				E7BDB939A6B8E83F497FB16F /* CookTimerCenter.swift in Sources */,
				58D8BB1535653B31CCEE0F34 /* CookTimerMetadata.swift in Sources */,
				59034AA0F531D1FA42A6D33C /* FlowLayout.swift in Sources */,
				8C832794858BA282AFB0D979 /* IngredientCatalogView.swift in Sources */,
				419B4D0856A1C3D7F12E9C66 /* IngredientLineView.swift in Sources */,
				9F25406D385F3C6DECBE3864 /* MealPlanView.swift in Sources */,
				B1AFE064640D52D8CCD724C4 /* PlanRecipeSheet.swift in Sources */,
				551E4D9C6D906F4F58986BDD /* RecipeDetailView.swift in Sources */,
				620D5D6CC2309E2FB2D6398C /* RecipeEditorView.swift in Sources */,
				D001C854B40B28607A227366 /* RecipeExportView.swift in Sources */,
				8C15C16B4CC9DDD990279C44 /* RecipeImageView.swift in Sources */,
				C34D8C291432A617C11A5D9A /* RecipeImportView.swift in Sources */,
				03A11925BC7E5D8F8DF58EC2 /* RecipeListView.swift in Sources */,
				C984ED23911E8BCB2FF58A17 /* RecipePickerView.swift in Sources */,
				7433672562FD5D4226C70229 /* RecipeRow.swift in Sources */,
				4F0EDD9C664E64CBED42E08F /* RecipeSearchField.swift in Sources */,
				FC9975780EBE413A7F1F048E /* RootView.swift in Sources */,
				30F10695B40D3C51CC2EF538 /* SettingsView.swift in Sources */,
				32869974DB3B7157938EF911 /* ShoppingListView.swift in Sources */,
				4247A7980AD155610352A4AD /* SousApp.swift in Sources */,
				3663B8C4161DE41FF6F48724 /* SousAppearance.swift in Sources */,
				C08876653DCA69CB644ABD57 /* SousStyle.swift in Sources */,
				D039F26CAA91B8EAF7A4A66A /* TimerSetupSheet.swift in Sources */,
				F57D8BF30A466E29363D8D6D /* TrashView.swift in Sources */,
			);
			runOnlyForDeploymentPostprocessing = 0;
		};
/* End PBXSourcesBuildPhase section */

/* Begin PBXTargetDependency section */
		7C8E08CC42672446304FB9EF /* PBXTargetDependency */ = {
			isa = PBXTargetDependency;
			platformFilter = ios;
			target = 83B28C8691FBBCD10A309992 /* SousShare */;
			targetProxy = EA3F670F6830272C26FD1B19 /* PBXContainerItemProxy */;
		};
		8D4D40B8732A2A56FDC81CA2 /* PBXTargetDependency */ = {
			isa = PBXTargetDependency;
			platformFilter = ios;
			target = B1F0EB969702316EFEC66CC4 /* SousWidgets */;
			targetProxy = ACF0EF32676269BA7DFA4064 /* PBXContainerItemProxy */;
		};
/* End PBXTargetDependency section */

/* Begin XCBuildConfiguration section */
		0B93642751DA12B4E9417D69 /* Debug */ = {
			isa = XCBuildConfiguration;
			buildSettings = {
				ALWAYS_SEARCH_USER_PATHS = NO;
				CLANG_ANALYZER_NONNULL = YES;
				CLANG_ANALYZER_NUMBER_OBJECT_CONVERSION = YES_AGGRESSIVE;
				CLANG_CXX_LANGUAGE_STANDARD = "gnu++14";
				CLANG_CXX_LIBRARY = "libc++";
				CLANG_ENABLE_MODULES = YES;
				CLANG_ENABLE_OBJC_ARC = YES;
				CLANG_ENABLE_OBJC_WEAK = YES;
				CLANG_WARN_BLOCK_CAPTURE_AUTORELEASING = YES;
				CLANG_WARN_BOOL_CONVERSION = YES;
				CLANG_WARN_COMMA = YES;
				CLANG_WARN_CONSTANT_CONVERSION = YES;
				CLANG_WARN_DEPRECATED_OBJC_IMPLEMENTATIONS = YES;
				CLANG_WARN_DIRECT_OBJC_ISA_USAGE = YES_ERROR;
				CLANG_WARN_DOCUMENTATION_COMMENTS = YES;
				CLANG_WARN_EMPTY_BODY = YES;
				CLANG_WARN_ENUM_CONVERSION = YES;
				CLANG_WARN_INFINITE_RECURSION = YES;
				CLANG_WARN_INT_CONVERSION = YES;
				CLANG_WARN_NON_LITERAL_NULL_CONVERSION = YES;
				CLANG_WARN_OBJC_IMPLICIT_RETAIN_SELF = YES;
				CLANG_WARN_OBJC_LITERAL_CONVERSION = YES;
				CLANG_WARN_OBJC_ROOT_CLASS = YES_ERROR;
				CLANG_WARN_QUOTED_INCLUDE_IN_FRAMEWORK_HEADER = YES;
				CLANG_WARN_RANGE_LOOP_ANALYSIS = YES;
				CLANG_WARN_STRICT_PROTOTYPES = YES;
				CLANG_WARN_SUSPICIOUS_MOVE = YES;
				CLANG_WARN_UNGUARDED_AVAILABILITY = YES_AGGRESSIVE;
				CLANG_WARN_UNREACHABLE_CODE = YES;
				CLANG_WARN__DUPLICATE_METHOD_MATCH = YES;
				COPY_PHASE_STRIP = NO;
				DEBUG_INFORMATION_FORMAT = dwarf;
				ENABLE_STRICT_OBJC_MSGSEND = YES;
				ENABLE_TESTABILITY = YES;
				GCC_C_LANGUAGE_STANDARD = gnu11;
				GCC_DYNAMIC_NO_PIC = NO;
				GCC_NO_COMMON_BLOCKS = YES;
				GCC_OPTIMIZATION_LEVEL = 0;
				GCC_PREPROCESSOR_DEFINITIONS = (
					"$(inherited)",
					"DEBUG=1",
				);
				GCC_WARN_64_TO_32_BIT_CONVERSION = YES;
				GCC_WARN_ABOUT_RETURN_TYPE = YES_ERROR;
				GCC_WARN_UNDECLARED_SELECTOR = YES;
				GCC_WARN_UNINITIALIZED_AUTOS = YES_AGGRESSIVE;
				GCC_WARN_UNUSED_FUNCTION = YES;
				GCC_WARN_UNUSED_VARIABLE = YES;
				IPHONEOS_DEPLOYMENT_TARGET = 26.0;
				MACOSX_DEPLOYMENT_TARGET = 26.0;
				MTL_ENABLE_DEBUG_INFO = INCLUDE_SOURCE;
				MTL_FAST_MATH = YES;
				ONLY_ACTIVE_ARCH = YES;
				PRODUCT_NAME = "$(TARGET_NAME)";
				SDKROOT = auto;
				SWIFT_ACTIVE_COMPILATION_CONDITIONS = DEBUG;
				SWIFT_OPTIMIZATION_LEVEL = "-Onone";
				SWIFT_VERSION = 5.0;
			};
			name = Debug;
		};
		14604203440A234B4A38F641 /* Debug */ = {
			isa = XCBuildConfiguration;
			buildSettings = {
				ASSETCATALOG_COMPILER_APPICON_NAME = sous;
				ASSETCATALOG_COMPILER_GLOBAL_ACCENT_COLOR_NAME = AccentColor;
				CODE_SIGN_ENTITLEMENTS = Sous/Supporting/Sous.entitlements;
				CODE_SIGN_IDENTITY = "iPhone Developer";
				CODE_SIGN_STYLE = Automatic;
				CURRENT_PROJECT_VERSION = 1;
				DEVELOPMENT_TEAM = MDQY93XVHF;
				ENABLE_HARDENED_RUNTIME = YES;
				INFOPLIST_FILE = Sous/Supporting/Info.plist;
				INFOPLIST_KEY_LSApplicationCategoryType = "public.app-category.food-and-drink";
				LD_RUNPATH_SEARCH_PATHS = (
					"$(inherited)",
					"@executable_path/Frameworks",
				);
				MARKETING_VERSION = 0.1;
				PRODUCT_BUNDLE_IDENTIFIER = me.raddatz.sous;
				PRODUCT_NAME = Sous;
				REGISTER_APP_GROUPS = YES;
				SDKROOT = auto;
				SUPPORTED_PLATFORMS = "iphoneos iphonesimulator macosx";
				SUPPORTS_MACCATALYST = NO;
				SUPPORTS_MAC_DESIGNED_FOR_IPHONE_IPAD = NO;
				SUPPORTS_XR_DESIGNED_FOR_IPHONE_IPAD = YES;
				SWIFT_STRICT_CONCURRENCY = complete;
				SWIFT_VERSION = 6.0;
				TARGETED_DEVICE_FAMILY = "1,2";
			};
			name = Debug;
		};
		1870DF700757312E751F4B92 /* Release */ = {
			isa = XCBuildConfiguration;
			buildSettings = {
				CODE_SIGN_ENTITLEMENTS = SousShare/SousShare.entitlements;
				CODE_SIGN_STYLE = Automatic;
				CURRENT_PROJECT_VERSION = 1;
				DEVELOPMENT_TEAM = MDQY93XVHF;
				INFOPLIST_FILE = SousShare/Info.plist;
				LD_RUNPATH_SEARCH_PATHS = (
					"$(inherited)",
					"@executable_path/Frameworks",
					"@executable_path/../../Frameworks",
				);
				MARKETING_VERSION = 0.1;
				PRODUCT_BUNDLE_IDENTIFIER = me.raddatz.sous.share;
				PRODUCT_NAME = SousShare;
				REGISTER_APP_GROUPS = YES;
				SDKROOT = auto;
				SKIP_INSTALL = YES;
				SUPPORTED_PLATFORMS = "iphoneos iphonesimulator";
				SUPPORTS_MACCATALYST = NO;
				SUPPORTS_MAC_DESIGNED_FOR_IPHONE_IPAD = YES;
				SUPPORTS_XR_DESIGNED_FOR_IPHONE_IPAD = YES;
				SWIFT_STRICT_CONCURRENCY = complete;
				SWIFT_VERSION = 6.0;
				TARGETED_DEVICE_FAMILY = "1,2";
			};
			name = Release;
		};
		18F0A121D6374CF04BDB83C8 /* Release */ = {
			isa = XCBuildConfiguration;
			buildSettings = {
				CODE_SIGN_ENTITLEMENTS = SousWidgets/SousWidgets.entitlements;
				CODE_SIGN_STYLE = Automatic;
				CURRENT_PROJECT_VERSION = 1;
				DEVELOPMENT_TEAM = MDQY93XVHF;
				INFOPLIST_FILE = SousWidgets/Info.plist;
				LD_RUNPATH_SEARCH_PATHS = (
					"$(inherited)",
					"@executable_path/Frameworks",
					"@executable_path/../../Frameworks",
				);
				MARKETING_VERSION = 0.1;
				PRODUCT_BUNDLE_IDENTIFIER = me.raddatz.sous.widgets;
				PRODUCT_NAME = SousWidgets;
				REGISTER_APP_GROUPS = YES;
				SDKROOT = auto;
				SKIP_INSTALL = YES;
				SUPPORTED_PLATFORMS = "iphoneos iphonesimulator";
				SUPPORTS_MACCATALYST = NO;
				SUPPORTS_MAC_DESIGNED_FOR_IPHONE_IPAD = YES;
				SUPPORTS_XR_DESIGNED_FOR_IPHONE_IPAD = YES;
				SWIFT_STRICT_CONCURRENCY = complete;
				SWIFT_VERSION = 6.0;
				TARGETED_DEVICE_FAMILY = "1,2";
			};
			name = Release;
		};
		610916E8B47056404D7CAE5E /* Debug */ = {
			isa = XCBuildConfiguration;
			buildSettings = {
				CODE_SIGN_ENTITLEMENTS = SousShare/SousShare.entitlements;
				CODE_SIGN_STYLE = Automatic;
				CURRENT_PROJECT_VERSION = 1;
				DEVELOPMENT_TEAM = MDQY93XVHF;
				INFOPLIST_FILE = SousShare/Info.plist;
				LD_RUNPATH_SEARCH_PATHS = (
					"$(inherited)",
					"@executable_path/Frameworks",
					"@executable_path/../../Frameworks",
				);
				MARKETING_VERSION = 0.1;
				PRODUCT_BUNDLE_IDENTIFIER = me.raddatz.sous.share;
				PRODUCT_NAME = SousShare;
				REGISTER_APP_GROUPS = YES;
				SDKROOT = auto;
				SKIP_INSTALL = YES;
				SUPPORTED_PLATFORMS = "iphoneos iphonesimulator";
				SUPPORTS_MACCATALYST = NO;
				SUPPORTS_MAC_DESIGNED_FOR_IPHONE_IPAD = YES;
				SUPPORTS_XR_DESIGNED_FOR_IPHONE_IPAD = YES;
				SWIFT_STRICT_CONCURRENCY = complete;
				SWIFT_VERSION = 6.0;
				TARGETED_DEVICE_FAMILY = "1,2";
			};
			name = Debug;
		};
		CFA945FD67B121548F233870 /* Debug */ = {
			isa = XCBuildConfiguration;
			buildSettings = {
				CODE_SIGN_ENTITLEMENTS = SousWidgets/SousWidgets.entitlements;
				CODE_SIGN_STYLE = Automatic;
				CURRENT_PROJECT_VERSION = 1;
				DEVELOPMENT_TEAM = MDQY93XVHF;
				INFOPLIST_FILE = SousWidgets/Info.plist;
				LD_RUNPATH_SEARCH_PATHS = (
					"$(inherited)",
					"@executable_path/Frameworks",
					"@executable_path/../../Frameworks",
				);
				MARKETING_VERSION = 0.1;
				PRODUCT_BUNDLE_IDENTIFIER = me.raddatz.sous.widgets;
				PRODUCT_NAME = SousWidgets;
				REGISTER_APP_GROUPS = YES;
				SDKROOT = auto;
				SKIP_INSTALL = YES;
				SUPPORTED_PLATFORMS = "iphoneos iphonesimulator";
				SUPPORTS_MACCATALYST = NO;
				SUPPORTS_MAC_DESIGNED_FOR_IPHONE_IPAD = YES;
				SUPPORTS_XR_DESIGNED_FOR_IPHONE_IPAD = YES;
				SWIFT_STRICT_CONCURRENCY = complete;
				SWIFT_VERSION = 6.0;
				TARGETED_DEVICE_FAMILY = "1,2";
			};
			name = Debug;
		};
		D3626432C4572DE83BE3D298 /* Release */ = {
			isa = XCBuildConfiguration;
			buildSettings = {
				ASSETCATALOG_COMPILER_APPICON_NAME = sous;
				ASSETCATALOG_COMPILER_GLOBAL_ACCENT_COLOR_NAME = AccentColor;
				CODE_SIGN_ENTITLEMENTS = Sous/Supporting/Sous.entitlements;
				CODE_SIGN_IDENTITY = "iPhone Developer";
				CODE_SIGN_STYLE = Automatic;
				CURRENT_PROJECT_VERSION = 1;
				DEVELOPMENT_TEAM = MDQY93XVHF;
				ENABLE_HARDENED_RUNTIME = YES;
				INFOPLIST_FILE = Sous/Supporting/Info.plist;
				INFOPLIST_KEY_LSApplicationCategoryType = "public.app-category.food-and-drink";
				LD_RUNPATH_SEARCH_PATHS = (
					"$(inherited)",
					"@executable_path/Frameworks",
				);
				MARKETING_VERSION = 0.1;
				PRODUCT_BUNDLE_IDENTIFIER = me.raddatz.sous;
				PRODUCT_NAME = Sous;
				REGISTER_APP_GROUPS = YES;
				SDKROOT = auto;
				SUPPORTED_PLATFORMS = "iphoneos iphonesimulator macosx";
				SUPPORTS_MACCATALYST = NO;
				SUPPORTS_MAC_DESIGNED_FOR_IPHONE_IPAD = NO;
				SUPPORTS_XR_DESIGNED_FOR_IPHONE_IPAD = YES;
				SWIFT_STRICT_CONCURRENCY = complete;
				SWIFT_VERSION = 6.0;
				TARGETED_DEVICE_FAMILY = "1,2";
			};
			name = Release;
		};
		D861BFB1D4D8B87E0A4E835E /* Release */ = {
			isa = XCBuildConfiguration;
			buildSettings = {
				ALWAYS_SEARCH_USER_PATHS = NO;
				CLANG_ANALYZER_NONNULL = YES;
				CLANG_ANALYZER_NUMBER_OBJECT_CONVERSION = YES_AGGRESSIVE;
				CLANG_CXX_LANGUAGE_STANDARD = "gnu++14";
				CLANG_CXX_LIBRARY = "libc++";
				CLANG_ENABLE_MODULES = YES;
				CLANG_ENABLE_OBJC_ARC = YES;
				CLANG_ENABLE_OBJC_WEAK = YES;
				CLANG_WARN_BLOCK_CAPTURE_AUTORELEASING = YES;
				CLANG_WARN_BOOL_CONVERSION = YES;
				CLANG_WARN_COMMA = YES;
				CLANG_WARN_CONSTANT_CONVERSION = YES;
				CLANG_WARN_DEPRECATED_OBJC_IMPLEMENTATIONS = YES;
				CLANG_WARN_DIRECT_OBJC_ISA_USAGE = YES_ERROR;
				CLANG_WARN_DOCUMENTATION_COMMENTS = YES;
				CLANG_WARN_EMPTY_BODY = YES;
				CLANG_WARN_ENUM_CONVERSION = YES;
				CLANG_WARN_INFINITE_RECURSION = YES;
				CLANG_WARN_INT_CONVERSION = YES;
				CLANG_WARN_NON_LITERAL_NULL_CONVERSION = YES;
				CLANG_WARN_OBJC_IMPLICIT_RETAIN_SELF = YES;
				CLANG_WARN_OBJC_LITERAL_CONVERSION = YES;
				CLANG_WARN_OBJC_ROOT_CLASS = YES_ERROR;
				CLANG_WARN_QUOTED_INCLUDE_IN_FRAMEWORK_HEADER = YES;
				CLANG_WARN_RANGE_LOOP_ANALYSIS = YES;
				CLANG_WARN_STRICT_PROTOTYPES = YES;
				CLANG_WARN_SUSPICIOUS_MOVE = YES;
				CLANG_WARN_UNGUARDED_AVAILABILITY = YES_AGGRESSIVE;
				CLANG_WARN_UNREACHABLE_CODE = YES;
				CLANG_WARN__DUPLICATE_METHOD_MATCH = YES;
				COPY_PHASE_STRIP = NO;
				DEBUG_INFORMATION_FORMAT = "dwarf-with-dsym";
				ENABLE_NS_ASSERTIONS = NO;
				ENABLE_STRICT_OBJC_MSGSEND = YES;
				GCC_C_LANGUAGE_STANDARD = gnu11;
				GCC_NO_COMMON_BLOCKS = YES;
				GCC_WARN_64_TO_32_BIT_CONVERSION = YES;
				GCC_WARN_ABOUT_RETURN_TYPE = YES_ERROR;
				GCC_WARN_UNDECLARED_SELECTOR = YES;
				GCC_WARN_UNINITIALIZED_AUTOS = YES_AGGRESSIVE;
				GCC_WARN_UNUSED_FUNCTION = YES;
				GCC_WARN_UNUSED_VARIABLE = YES;
				IPHONEOS_DEPLOYMENT_TARGET = 26.0;
				MACOSX_DEPLOYMENT_TARGET = 26.0;
				MTL_ENABLE_DEBUG_INFO = NO;
				MTL_FAST_MATH = YES;
				PRODUCT_NAME = "$(TARGET_NAME)";
				SDKROOT = auto;
				SWIFT_COMPILATION_MODE = wholemodule;
				SWIFT_OPTIMIZATION_LEVEL = "-O";
				SWIFT_VERSION = 5.0;
			};
			name = Release;
		};
/* End XCBuildConfiguration section */

/* Begin XCConfigurationList section */
		13081AC38B098A3FE8D91D66 /* Build configuration list for PBXProject "Sous" */ = {
			isa = XCConfigurationList;
			buildConfigurations = (
				0B93642751DA12B4E9417D69 /* Debug */,
				D861BFB1D4D8B87E0A4E835E /* Release */,
			);
			defaultConfigurationIsVisible = 0;
			defaultConfigurationName = Debug;
		};
		3295B407F937BB99A7AC2861 /* Build configuration list for PBXNativeTarget "Sous" */ = {
			isa = XCConfigurationList;
			buildConfigurations = (
				14604203440A234B4A38F641 /* Debug */,
				D3626432C4572DE83BE3D298 /* Release */,
			);
			defaultConfigurationIsVisible = 0;
			defaultConfigurationName = Debug;
		};
		694CFC9E7816CDA69CF91152 /* Build configuration list for PBXNativeTarget "SousShare" */ = {
			isa = XCConfigurationList;
			buildConfigurations = (
				610916E8B47056404D7CAE5E /* Debug */,
				1870DF700757312E751F4B92 /* Release */,
			);
			defaultConfigurationIsVisible = 0;
			defaultConfigurationName = Debug;
		};
		6E414A6350E8ABFB36634130 /* Build configuration list for PBXNativeTarget "SousWidgets" */ = {
			isa = XCConfigurationList;
			buildConfigurations = (
				CFA945FD67B121548F233870 /* Debug */,
				18F0A121D6374CF04BDB83C8 /* Release */,
			);
			defaultConfigurationIsVisible = 0;
			defaultConfigurationName = Debug;
		};
/* End XCConfigurationList section */

/* Begin XCLocalSwiftPackageReference section */
		30FA31BD04998B96948C968F /* XCLocalSwiftPackageReference "SousKit" */ = {
			isa = XCLocalSwiftPackageReference;
			relativePath = SousKit;
		};
/* End XCLocalSwiftPackageReference section */

/* Begin XCSwiftPackageProductDependency section */
		4F8CD0E43DB8F39F072182B7 /* SousKit */ = {
			isa = XCSwiftPackageProductDependency;
			productName = SousKit;
		};
		57B9B12ADC1A695E43272EB5 /* SousKit */ = {
			isa = XCSwiftPackageProductDependency;
			productName = SousKit;
		};
/* End XCSwiftPackageProductDependency section */
	};
	rootObject = E24DE48081CE5169B96200AC /* Project object */;
}
